lockfileVersion: '6.0'

settings:
  autoInstallPeers: true
  excludeLinksFromLockfile: false

dependencies:
  '@everapi/freecurrencyapi-js':
    specifier: ^1.0.1
    version: 1.0.1
  commander:
    specifier: ^11.1.0
    version: 11.1.0
  dotenv:
    specifier: ^16.3.1
    version: 16.3.1
  luxon:
    specifier: ^3.4.3
    version: 3.4.3
  papaparse:
    specifier: ^5.4.1
    version: 5.4.1
  prompts:
    specifier: ^2.4.2
    version: 2.4.2

devDependencies:
  '@types/luxon':
    specifier: ^3.3.4
    version: 3.3.4
  '@types/node':
    specifier: ^20.9.0
    version: 20.9.0
  '@types/papaparse':
    specifier: ^5.3.11
    version: 5.3.11
  '@types/prompts':
    specifier: ^2.4.8
    version: 2.4.8
  typescript:
    specifier: ^5.2.2
    version: 5.2.2

packages:

  /@everapi/freecurrencyapi-js@1.0.1:
    resolution: {integrity: sha512-GusI6Fdu4gEZhEyOOZKf9KOnSp3Atb3zLUQIp0X569LphBEv0IrZF2CALmbTmut4DacqqlP2zOpeS96bkAt2yQ==}
    dev: false

  /@types/luxon@3.3.4:
    resolution: {integrity: sha512-H9OXxv4EzJwE75aTPKpiGXJq+y4LFxjpsdgKwSmr503P5DkWc3AG7VAFYrFNVvqemT5DfgZJV9itYhqBHSGujA==}
    dev: true

  /@types/node@20.9.0:
    resolution: {integrity: sha512-nekiGu2NDb1BcVofVcEKMIwzlx4NjHlcjhoxxKBNLtz15Y1z7MYf549DFvkHSId02Ax6kGwWntIBPC3l/JZcmw==}
    dependencies:
      undici-types: 5.26.5
    dev: true

  /@types/papaparse@5.3.11:
    resolution: {integrity: sha512-ISil0lMkpRDrBTKRPnUgVb5IqxWwj19gWBrX/ROk3pbkkslBN3URa713r/BSfAUj+w9gTPg3S3f45aMToVfh1w==}
    dependencies:
      '@types/node': 20.9.0
    dev: true

  /@types/prompts@2.4.8:
    resolution: {integrity: sha512-fPOEzviubkEVCiLduO45h+zFHB0RZX8tFt3C783sO5cT7fUXf3EEECpD26djtYdh4Isa9Z9tasMQuZnYPtvYzw==}
    dependencies:
      '@types/node': 20.9.0
      kleur: 3.0.3
    dev: true

  /commander@11.1.0:
    resolution: {integrity: sha512-yPVavfyCcRhmorC7rWlkHn15b4wDVgVmBA7kV4QVBsF7kv/9TKJAbAXVTxvTnwP8HHKjRCJDClKbciiYS7p0DQ==}
    engines: {node: '>=16'}
    dev: false

  /dotenv@16.3.1:
    resolution: {integrity: sha512-IPzF4w4/Rd94bA9imS68tZBaYyBWSCE47V1RGuMrB94iyTOIEwRmVL2x/4An+6mETpLrKJ5hQkB8W4kFAadeIQ==}
    engines: {node: '>=12'}
    dev: false

  /kleur@3.0.3:
    resolution: {integrity: sha512-eTIzlVOSUR+JxdDFepEYcBMtZ9Qqdef+rnzWdRZuMbOywu5tO2w2N7rqjoANZ5k9vywhL6Br1VRjUIgTQx4E8w==}
    engines: {node: '>=6'}

  /luxon@3.4.3:
    resolution: {integrity: sha512-tFWBiv3h7z+T/tDaoxA8rqTxy1CHV6gHS//QdaH4pulbq/JuBSGgQspQQqcgnwdAx6pNI7cmvz5Sv/addzHmUg==}
    engines: {node: '>=12'}
    dev: false

  /papaparse@5.4.1:
    resolution: {integrity: sha512-HipMsgJkZu8br23pW15uvo6sib6wne/4woLZPlFf3rpDyMe9ywEXUsuD7+6K9PRkJlVT51j/sCOYDKGGS3ZJrw==}
    dev: false

  /prompts@2.4.2:
    resolution: {integrity: sha512-NxNv/kLguCA7p3jE8oL2aEBsrJWgAakBpgmgK6lpPWV+WuOmY6r2/zbAVnP+T8bQlA0nzHXSJSJW0Hq7ylaD2Q==}
    engines: {node: '>= 6'}
    dependencies:
      kleur: 3.0.3
      sisteransi: 1.0.5
    dev: false

  /sisteransi@1.0.5:
    resolution: {integrity: sha512-bLGGlR1QxBcynn2d5YmDX4MGjlZvy2MRBDRNHLJ8VI6l6+9FUiyTFNJ0IveOSP0bcXgVDPRcfGqA0pjaqUpfVg==}
    dev: false

  /typescript@5.2.2:
    resolution: {integrity: sha512-mI4WrpHsbCIcwT9cF4FZvr80QUeKvsUsUvKDoR+X/7XHQH98xYD8YHZg7ANtz2GtZt/CBq2QJ0thkGJMHfqc1w==}
    engines: {node: '>=14.17'}
    hasBin: true
    dev: true

  /undici-types@5.26.5:
    resolution: {integrity: sha512-JlCMO+ehdEIKqlFxk6IfVoAUVmgz7cU7zD/h9XZ0qzeosSHmUJVOzSQvvYSYWXkFXC+IfLKSIffhv0sVZup6pA==}
    dev: true
